
Microsoft Visual Studio Solution File, Format Version 12.00
# Visual Studio Version 17
VisualStudioVersion = 17.14.36518.9
MinimumVisualStudioVersion = 10.0.40219.1
Project("{FAE04EC0-301F-11D3-BF4B-00C04F79EFBC}") = "HelloWorld", "HelloWorld\HelloWorld.csproj", "{9306A927-8A31-4303-9E6C-CBE40E9A78D4}"
EndProject
Project("{FAE04EC0-301F-11D3-BF4B-00C04F79EFBC}") = "Ders2", "Ders2\Ders2.csproj", "{3A0A7369-AB0F-4FE6-9E74-3F9B8949C77E}"
EndProject
Project("{FAE04EC0-301F-11D3-BF4B-00C04F79EFBC}") = "Ders3", "Ders3\Ders3.csproj", "{C5613D39-3A62-428A-AFBB-90332789EFE0}"
EndProject
Project("{FAE04EC0-301F-11D3-BF4B-00C04F79EFBC}") = "Ders4", "Ders4\Ders4.csproj", "{C49975F4-8843-45F4-B956-4E902B2551D6}"
EndProject
Project("{FAE04EC0-301F-11D3-BF4B-00C04F79EFBC}") = "Ders5", "Ders5\Ders5.csproj", "{6EE757E6-18AA-4234-81C2-3084362FB048}"
EndProject
Project("{FAE04EC0-301F-11D3-BF4B-00C04F79EFBC}") = "Ders6", "Ders6\Ders6.csproj", "{94A6BA36-9C37-4919-A244-26AEFF00EA60}"
EndProject
Project("{FAE04EC0-301F-11D3-BF4B-00C04F79EFBC}") = "Ders7", "Ders7\Ders7.csproj", "{6C0D3FBF-0E12-4F21-B7E5-BF0560D7FDE6}"
EndProject
Project("{FAE04EC0-301F-11D3-BF4B-00C04F79EFBC}") = "Ders8", "Ders8\Ders8.csproj", "{19C0CBBB-08D1-431D-BE97-B0DC8187DF4A}"
EndProject
Project("{FAE04EC0-301F-11D3-BF4B-00C04F79EFBC}") = "Ders9", "Ders9\Ders9.csproj", "{EC92D1A1-27D4-46FE-B76B-FB5CCB075102}"
EndProject
Project("{FAE04EC0-301F-11D3-BF4B-00C04F79EFBC}") = "Ders10", "Ders10\Ders10.csproj", "{806AED43-6C35-4672-9579-FF6BBE32C941}"
EndProject
Project("{FAE04EC0-301F-11D3-BF4B-00C04F79EFBC}") = "Ders11", "Ders11\Ders11.csproj", "{BF4B3696-3379-4C44-A51E-CE3AD2BF3C36}"
EndProject
Project("{FAE04EC0-301F-11D3-BF4B-00C04F79EFBC}") = "Ders12", "Ders12\Ders12.csproj", "{C761BA62-5A00-4666-92AE-2C42C277D3D8}"
EndProject
Project("{FAE04EC0-301F-11D3-BF4B-00C04F79EFBC}") = "Ders13", "Ders13\Ders13.csproj", "{CC01F587-9CE4-4C32-8B24-9A7CA582DF60}"
EndProject
Project("{FAE04EC0-301F-11D3-BF4B-00C04F79EFBC}") = "Ders14", "Ders14\Ders14.csproj", "{AADE892C-261F-432E-870C-1EF2D9FA48E8}"
EndProject
Project("{FAE04EC0-301F-11D3-BF4B-00C04F79EFBC}") = "CalculatorApp", "CalculatorApp\CalculatorApp.csproj", "{F693B8D1-FA72-46EE-90DD-CD9BE02A9645}"
EndProject
Project("{FAE04EC0-301F-11D3-BF4B-00C04F79EFBC}") = "GuessTheNumber", "GuessTheNumber\GuessTheNumber.csproj", "{BE2AAD03-413F-4C98-96F7-371604347FE1}"
EndProject
Project("{FAE04EC0-301F-11D3-BF4B-00C04F79EFBC}") = "Ders15", "Ders15\Ders15.csproj", "{E95F81DB-2B9D-4E99-9D6A-FBB156B095EF}"
EndProject
Project("{FAE04EC0-301F-11D3-BF4B-00C04F79EFBC}") = "Ders16", "Ders16\Ders16.csproj", "{D603C52A-DAC3-40E6-A2DC-FC8DCB0AC199}"
EndProject
Project("{FAE04EC0-301F-11D3-BF4B-00C04F79EFBC}") = "Ders17", "Ders17\Ders17.csproj", "{BD2DEA42-B9E1-4AB4-BE33-631E059207FF}"
EndProject
Project("{FAE04EC0-301F-11D3-BF4B-00C04F79EFBC}") = "Ders18", "Ders18\Ders18.csproj", "{096A4108-BBEE-4E3A-837D-C36A82A8A4A7}"
EndProject
Project("{FAE04EC0-301F-11D3-BF4B-00C04F79EFBC}") = "Ders19", "Ders19\Ders19.csproj", "{98B6C998-02C4-4E41-B2C6-596FBAE8989A}"
EndProject
Project("{FAE04EC0-301F-11D3-BF4B-00C04F79EFBC}") = "ConsoleNotesApp", "ConsoleNotesApp\ConsoleNotesApp.csproj", "{854FB8DB-4271-4860-BAEA-2A53B8FD8B8A}"
EndProject
Project("{FAE04EC0-301F-11D3-BF4B-00C04F79EFBC}") = "Ders20", "Ders20\Ders20.csproj", "{85D7ABD2-CFF8-4C9D-885F-F881009B4E0A}"
EndProject
Project("{FAE04EC0-301F-11D3-BF4B-00C04F79EFBC}") = "Ders21", "Ders21\Ders21.csproj", "{AE6308DE-0504-4553-8127-F3EB885A1D97}"
EndProject
Project("{FAE04EC0-301F-11D3-BF4B-00C04F79EFBC}") = "Ders22", "Ders22\Ders22.csproj", "{F3BF45D8-AC37-43D2-8B75-F8E7DE3D9D1E}"
EndProject
Project("{FAE04EC0-301F-11D3-BF4B-00C04F79EFBC}") = "Ders23", "Ders23\Ders23.csproj", "{5BF70DC2-7562-4BD1-AC1F-7B6724ADD312}"
EndProject
Project("{FAE04EC0-301F-11D3-BF4B-00C04F79EFBC}") = "SimpleLibraryFunctions", "SimpleLibraryFunctions\SimpleLibraryFunctions.csproj", "{EEF478B0-1500-486A-AA9D-50FE7A6F7818}"
EndProject
Project("{2150E333-8FDC-42A3-9474-1A3956D46DE8}") = "Ders1-23", "Ders1-23", "{02EA681E-C7D8-13C7-8484-4AC65E1B71E8}"
EndProject
Global
	GlobalSection(SolutionConfigurationPlatforms) = preSolution
		Debug|Any CPU = Debug|Any CPU
		Release|Any CPU = Release|Any CPU
	EndGlobalSection
	GlobalSection(ProjectConfigurationPlatforms) = postSolution
		{9306A927-8A31-4303-9E6C-CBE40E9A78D4}.Debug|Any CPU.ActiveCfg = Debug|Any CPU
		{9306A927-8A31-4303-9E6C-CBE40E9A78D4}.Debug|Any CPU.Build.0 = Debug|Any CPU
		{9306A927-8A31-4303-9E6C-CBE40E9A78D4}.Release|Any CPU.ActiveCfg = Release|Any CPU
		{9306A927-8A31-4303-9E6C-CBE40E9A78D4}.Release|Any CPU.Build.0 = Release|Any CPU
		{3A0A7369-AB0F-4FE6-9E74-3F9B8949C77E}.Debug|Any CPU.ActiveCfg = Debug|Any CPU
		{3A0A7369-AB0F-4FE6-9E74-3F9B8949C77E}.Debug|Any CPU.Build.0 = Debug|Any CPU
		{3A0A7369-AB0F-4FE6-9E74-3F9B8949C77E}.Release|Any CPU.ActiveCfg = Release|Any CPU
		{3A0A7369-AB0F-4FE6-9E74-3F9B8949C77E}.Release|Any CPU.Build.0 = Release|Any CPU
		{C5613D39-3A62-428A-AFBB-90332789EFE0}.Debug|Any CPU.ActiveCfg = Debug|Any CPU
		{C5613D39-3A62-428A-AFBB-90332789EFE0}.Debug|Any CPU.Build.0 = Debug|Any CPU
		{C5613D39-3A62-428A-AFBB-90332789EFE0}.Release|Any CPU.ActiveCfg = Release|Any CPU
		{C5613D39-3A62-428A-AFBB-90332789EFE0}.Release|Any CPU.Build.0 = Release|Any CPU
		{C49975F4-8843-45F4-B956-4E902B2551D6}.Debug|Any CPU.ActiveCfg = Debug|Any CPU
		{C49975F4-8843-45F4-B956-4E902B2551D6}.Debug|Any CPU.Build.0 = Debug|Any CPU
		{C49975F4-8843-45F4-B956-4E902B2551D6}.Release|Any CPU.ActiveCfg = Release|Any CPU
		{C49975F4-8843-45F4-B956-4E902B2551D6}.Release|Any CPU.Build.0 = Release|Any CPU
		{6EE757E6-18AA-4234-81C2-3084362FB048}.Debug|Any CPU.ActiveCfg = Debug|Any CPU
		{6EE757E6-18AA-4234-81C2-3084362FB048}.Debug|Any CPU.Build.0 = Debug|Any CPU
		{6EE757E6-18AA-4234-81C2-3084362FB048}.Release|Any CPU.ActiveCfg = Release|Any CPU
		{6EE757E6-18AA-4234-81C2-3084362FB048}.Release|Any CPU.Build.0 = Release|Any CPU
		{94A6BA36-9C37-4919-A244-26AEFF00EA60}.Debug|Any CPU.ActiveCfg = Debug|Any CPU
		{94A6BA36-9C37-4919-A244-26AEFF00EA60}.Debug|Any CPU.Build.0 = Debug|Any CPU
		{94A6BA36-9C37-4919-A244-26AEFF00EA60}.Release|Any CPU.ActiveCfg = Release|Any CPU
		{94A6BA36-9C37-4919-A244-26AEFF00EA60}.Release|Any CPU.Build.0 = Release|Any CPU
		{6C0D3FBF-0E12-4F21-B7E5-BF0560D7FDE6}.Debug|Any CPU.ActiveCfg = Debug|Any CPU
		{6C0D3FBF-0E12-4F21-B7E5-BF0560D7FDE6}.Debug|Any CPU.Build.0 = Debug|Any CPU
		{6C0D3FBF-0E12-4F21-B7E5-BF0560D7FDE6}.Release|Any CPU.ActiveCfg = Release|Any CPU
		{6C0D3FBF-0E12-4F21-B7E5-BF0560D7FDE6}.Release|Any CPU.Build.0 = Release|Any CPU
		{19C0CBBB-08D1-431D-BE97-B0DC8187DF4A}.Debug|Any CPU.ActiveCfg = Debug|Any CPU
		{19C0CBBB-08D1-431D-BE97-B0DC8187DF4A}.Debug|Any CPU.Build.0 = Debug|Any CPU
		{19C0CBBB-08D1-431D-BE97-B0DC8187DF4A}.Release|Any CPU.ActiveCfg = Release|Any CPU
		{19C0CBBB-08D1-431D-BE97-B0DC8187DF4A}.Release|Any CPU.Build.0 = Release|Any CPU
		{EC92D1A1-27D4-46FE-B76B-FB5CCB075102}.Debug|Any CPU.ActiveCfg = Debug|Any CPU
		{EC92D1A1-27D4-46FE-B76B-FB5CCB075102}.Debug|Any CPU.Build.0 = Debug|Any CPU
		{EC92D1A1-27D4-46FE-B76B-FB5CCB075102}.Release|Any CPU.ActiveCfg = Release|Any CPU
		{EC92D1A1-27D4-46FE-B76B-FB5CCB075102}.Release|Any CPU.Build.0 = Release|Any CPU
		{806AED43-6C35-4672-9579-FF6BBE32C941}.Debug|Any CPU.ActiveCfg = Debug|Any CPU
		{806AED43-6C35-4672-9579-FF6BBE32C941}.Debug|Any CPU.Build.0 = Debug|Any CPU
		{806AED43-6C35-4672-9579-FF6BBE32C941}.Release|Any CPU.ActiveCfg = Release|Any CPU
		{806AED43-6C35-4672-9579-FF6BBE32C941}.Release|Any CPU.Build.0 = Release|Any CPU
		{BF4B3696-3379-4C44-A51E-CE3AD2BF3C36}.Debug|Any CPU.ActiveCfg = Debug|Any CPU
		{BF4B3696-3379-4C44-A51E-CE3AD2BF3C36}.Debug|Any CPU.Build.0 = Debug|Any CPU
		{BF4B3696-3379-4C44-A51E-CE3AD2BF3C36}.Release|Any CPU.ActiveCfg = Release|Any CPU
		{BF4B3696-3379-4C44-A51E-CE3AD2BF3C36}.Release|Any CPU.Build.0 = Release|Any CPU
		{C761BA62-5A00-4666-92AE-2C42C277D3D8}.Debug|Any CPU.ActiveCfg = Debug|Any CPU
		{C761BA62-5A00-4666-92AE-2C42C277D3D8}.Debug|Any CPU.Build.0 = Debug|Any CPU
		{C761BA62-5A00-4666-92AE-2C42C277D3D8}.Release|Any CPU.ActiveCfg = Release|Any CPU
		{C761BA62-5A00-4666-92AE-2C42C277D3D8}.Release|Any CPU.Build.0 = Release|Any CPU
		{CC01F587-9CE4-4C32-8B24-9A7CA582DF60}.Debug|Any CPU.ActiveCfg = Debug|Any CPU
		{CC01F587-9CE4-4C32-8B24-9A7CA582DF60}.Debug|Any CPU.Build.0 = Debug|Any CPU
		{CC01F587-9CE4-4C32-8B24-9A7CA582DF60}.Release|Any CPU.ActiveCfg = Release|Any CPU
		{CC01F587-9CE4-4C32-8B24-9A7CA582DF60}.Release|Any CPU.Build.0 = Release|Any CPU
		{AADE892C-261F-432E-870C-1EF2D9FA48E8}.Debug|Any CPU.ActiveCfg = Debug|Any CPU
		{AADE892C-261F-432E-870C-1EF2D9FA48E8}.Debug|Any CPU.Build.0 = Debug|Any CPU
		{AADE892C-261F-432E-870C-1EF2D9FA48E8}.Release|Any CPU.ActiveCfg = Release|Any CPU
		{AADE892C-261F-432E-870C-1EF2D9FA48E8}.Release|Any CPU.Build.0 = Release|Any CPU
		{F693B8D1-FA72-46EE-90DD-CD9BE02A9645}.Debug|Any CPU.ActiveCfg = Debug|Any CPU
		{F693B8D1-FA72-46EE-90DD-CD9BE02A9645}.Debug|Any CPU.Build.0 = Debug|Any CPU
		{F693B8D1-FA72-46EE-90DD-CD9BE02A9645}.Release|Any CPU.ActiveCfg = Release|Any CPU
		{F693B8D1-FA72-46EE-90DD-CD9BE02A9645}.Release|Any CPU.Build.0 = Release|Any CPU
		{BE2AAD03-413F-4C98-96F7-371604347FE1}.Debug|Any CPU.ActiveCfg = Debug|Any CPU
		{BE2AAD03-413F-4C98-96F7-371604347FE1}.Debug|Any CPU.Build.0 = Debug|Any CPU
		{BE2AAD03-413F-4C98-96F7-371604347FE1}.Release|Any CPU.ActiveCfg = Release|Any CPU
		{BE2AAD03-413F-4C98-96F7-371604347FE1}.Release|Any CPU.Build.0 = Release|Any CPU
		{E95F81DB-2B9D-4E99-9D6A-FBB156B095EF}.Debug|Any CPU.ActiveCfg = Debug|Any CPU
		{E95F81DB-2B9D-4E99-9D6A-FBB156B095EF}.Debug|Any CPU.Build.0 = Debug|Any CPU
		{E95F81DB-2B9D-4E99-9D6A-FBB156B095EF}.Release|Any CPU.ActiveCfg = Release|Any CPU
		{E95F81DB-2B9D-4E99-9D6A-FBB156B095EF}.Release|Any CPU.Build.0 = Release|Any CPU
		{D603C52A-DAC3-40E6-A2DC-FC8DCB0AC199}.Debug|Any CPU.ActiveCfg = Debug|Any CPU
		{D603C52A-DAC3-40E6-A2DC-FC8DCB0AC199}.Debug|Any CPU.Build.0 = Debug|Any CPU
		{D603C52A-DAC3-40E6-A2DC-FC8DCB0AC199}.Release|Any CPU.ActiveCfg = Release|Any CPU
		{D603C52A-DAC3-40E6-A2DC-FC8DCB0AC199}.Release|Any CPU.Build.0 = Release|Any CPU
		{BD2DEA42-B9E1-4AB4-BE33-631E059207FF}.Debug|Any CPU.ActiveCfg = Debug|Any CPU
		{BD2DEA42-B9E1-4AB4-BE33-631E059207FF}.Debug|Any CPU.Build.0 = Debug|Any CPU
		{BD2DEA42-B9E1-4AB4-BE33-631E059207FF}.Release|Any CPU.ActiveCfg = Release|Any CPU
		{BD2DEA42-B9E1-4AB4-BE33-631E059207FF}.Release|Any CPU.Build.0 = Release|Any CPU
		{096A4108-BBEE-4E3A-837D-C36A82A8A4A7}.Debug|Any CPU.ActiveCfg = Debug|Any CPU
		{096A4108-BBEE-4E3A-837D-C36A82A8A4A7}.Debug|Any CPU.Build.0 = Debug|Any CPU
		{096A4108-BBEE-4E3A-837D-C36A82A8A4A7}.Release|Any CPU.ActiveCfg = Release|Any CPU
		{096A4108-BBEE-4E3A-837D-C36A82A8A4A7}.Release|Any CPU.Build.0 = Release|Any CPU
		{98B6C998-02C4-4E41-B2C6-596FBAE8989A}.Debug|Any CPU.ActiveCfg = Debug|Any CPU
		{98B6C998-02C4-4E41-B2C6-596FBAE8989A}.Debug|Any CPU.Build.0 = Debug|Any CPU
		{98B6C998-02C4-4E41-B2C6-596FBAE8989A}.Release|Any CPU.ActiveCfg = Release|Any CPU
		{98B6C998-02C4-4E41-B2C6-596FBAE8989A}.Release|Any CPU.Build.0 = Release|Any CPU
		{854FB8DB-4271-4860-BAEA-2A53B8FD8B8A}.Debug|Any CPU.ActiveCfg = Debug|Any CPU
		{854FB8DB-4271-4860-BAEA-2A53B8FD8B8A}.Debug|Any CPU.Build.0 = Debug|Any CPU
		{854FB8DB-4271-4860-BAEA-2A53B8FD8B8A}.Release|Any CPU.ActiveCfg = Release|Any CPU
		{854FB8DB-4271-4860-BAEA-2A53B8FD8B8A}.Release|Any CPU.Build.0 = Release|Any CPU
		{85D7ABD2-CFF8-4C9D-885F-F881009B4E0A}.Debug|Any CPU.ActiveCfg = Debug|Any CPU
		{85D7ABD2-CFF8-4C9D-885F-F881009B4E0A}.Debug|Any CPU.Build.0 = Debug|Any CPU
		{85D7ABD2-CFF8-4C9D-885F-F881009B4E0A}.Release|Any CPU.ActiveCfg = Release|Any CPU
		{85D7ABD2-CFF8-4C9D-885F-F881009B4E0A}.Release|Any CPU.Build.0 = Release|Any CPU
		{AE6308DE-0504-4553-8127-F3EB885A1D97}.Debug|Any CPU.ActiveCfg = Debug|Any CPU
		{AE6308DE-0504-4553-8127-F3EB885A1D97}.Debug|Any CPU.Build.0 = Debug|Any CPU
		{AE6308DE-0504-4553-8127-F3EB885A1D97}.Release|Any CPU.ActiveCfg = Release|Any CPU
		{AE6308DE-0504-4553-8127-F3EB885A1D97}.Release|Any CPU.Build.0 = Release|Any CPU
		{F3BF45D8-AC37-43D2-8B75-F8E7DE3D9D1E}.Debug|Any CPU.ActiveCfg = Debug|Any CPU
		{F3BF45D8-AC37-43D2-8B75-F8E7DE3D9D1E}.Debug|Any CPU.Build.0 = Debug|Any CPU
		{F3BF45D8-AC37-43D2-8B75-F8E7DE3D9D1E}.Release|Any CPU.ActiveCfg = Release|Any CPU
		{F3BF45D8-AC37-43D2-8B75-F8E7DE3D9D1E}.Release|Any CPU.Build.0 = Release|Any CPU
		{5BF70DC2-7562-4BD1-AC1F-7B6724ADD312}.Debug|Any CPU.ActiveCfg = Debug|Any CPU
		{5BF70DC2-7562-4BD1-AC1F-7B6724ADD312}.Debug|Any CPU.Build.0 = Debug|Any CPU
		{5BF70DC2-7562-4BD1-AC1F-7B6724ADD312}.Release|Any CPU.ActiveCfg = Release|Any CPU
		{5BF70DC2-7562-4BD1-AC1F-7B6724ADD312}.Release|Any CPU.Build.0 = Release|Any CPU
		{EEF478B0-1500-486A-AA9D-50FE7A6F7818}.Debug|Any CPU.ActiveCfg = Debug|Any CPU
		{EEF478B0-1500-486A-AA9D-50FE7A6F7818}.Debug|Any CPU.Build.0 = Debug|Any CPU
		{EEF478B0-1500-486A-AA9D-50FE7A6F7818}.Release|Any CPU.ActiveCfg = Release|Any CPU
		{EEF478B0-1500-486A-AA9D-50FE7A6F7818}.Release|Any CPU.Build.0 = Release|Any CPU
	EndGlobalSection
	GlobalSection(SolutionProperties) = preSolution
		HideSolutionNode = FALSE
	EndGlobalSection
	GlobalSection(NestedProjects) = preSolution
		{9306A927-8A31-4303-9E6C-CBE40E9A78D4} = {02EA681E-C7D8-13C7-8484-4AC65E1B71E8}
		{3A0A7369-AB0F-4FE6-9E74-3F9B8949C77E} = {02EA681E-C7D8-13C7-8484-4AC65E1B71E8}
		{C5613D39-3A62-428A-AFBB-90332789EFE0} = {02EA681E-C7D8-13C7-8484-4AC65E1B71E8}
		{C49975F4-8843-45F4-B956-4E902B2551D6} = {02EA681E-C7D8-13C7-8484-4AC65E1B71E8}
		{6EE757E6-18AA-4234-81C2-3084362FB048} = {02EA681E-C7D8-13C7-8484-4AC65E1B71E8}
		{94A6BA36-9C37-4919-A244-26AEFF00EA60} = {02EA681E-C7D8-13C7-8484-4AC65E1B71E8}
		{6C0D3FBF-0E12-4F21-B7E5-BF0560D7FDE6} = {02EA681E-C7D8-13C7-8484-4AC65E1B71E8}
		{19C0CBBB-08D1-431D-BE97-B0DC8187DF4A} = {02EA681E-C7D8-13C7-8484-4AC65E1B71E8}
		{EC92D1A1-27D4-46FE-B76B-FB5CCB075102} = {02EA681E-C7D8-13C7-8484-4AC65E1B71E8}
		{806AED43-6C35-4672-9579-FF6BBE32C941} = {02EA681E-C7D8-13C7-8484-4AC65E1B71E8}
		{BF4B3696-3379-4C44-A51E-CE3AD2BF3C36} = {02EA681E-C7D8-13C7-8484-4AC65E1B71E8}
		{C761BA62-5A00-4666-92AE-2C42C277D3D8} = {02EA681E-C7D8-13C7-8484-4AC65E1B71E8}
		{CC01F587-9CE4-4C32-8B24-9A7CA582DF60} = {02EA681E-C7D8-13C7-8484-4AC65E1B71E8}
		{AADE892C-261F-432E-870C-1EF2D9FA48E8} = {02EA681E-C7D8-13C7-8484-4AC65E1B71E8}
		{E95F81DB-2B9D-4E99-9D6A-FBB156B095EF} = {02EA681E-C7D8-13C7-8484-4AC65E1B71E8}
		{D603C52A-DAC3-40E6-A2DC-FC8DCB0AC199} = {02EA681E-C7D8-13C7-8484-4AC65E1B71E8}
		{BD2DEA42-B9E1-4AB4-BE33-631E059207FF} = {02EA681E-C7D8-13C7-8484-4AC65E1B71E8}
		{096A4108-BBEE-4E3A-837D-C36A82A8A4A7} = {02EA681E-C7D8-13C7-8484-4AC65E1B71E8}
		{98B6C998-02C4-4E41-B2C6-596FBAE8989A} = {02EA681E-C7D8-13C7-8484-4AC65E1B71E8}
		{85D7ABD2-CFF8-4C9D-885F-F881009B4E0A} = {02EA681E-C7D8-13C7-8484-4AC65E1B71E8}
		{AE6308DE-0504-4553-8127-F3EB885A1D97} = {02EA681E-C7D8-13C7-8484-4AC65E1B71E8}
		{F3BF45D8-AC37-43D2-8B75-F8E7DE3D9D1E} = {02EA681E-C7D8-13C7-8484-4AC65E1B71E8}
		{5BF70DC2-7562-4BD1-AC1F-7B6724ADD312} = {02EA681E-C7D8-13C7-8484-4AC65E1B71E8}
	EndGlobalSection
	GlobalSection(ExtensibilityGlobals) = postSolution
		SolutionGuid = {2CD03731-0B45-429A-B58F-D289659DD5B8}
	EndGlobalSection
EndGlobal
